
Microsoft Visual Studio Solution File, Format Version 12.00
# Visual Studio 15
VisualStudioVersion = 15.0.26124.0
MinimumVisualStudioVersion = 15.0.26124.0
Project("{FAE04EC0-301F-11D3-BF4B-00C04F79EFBC}") = "ProfileManager", "ProfileManager\ProfileManager.csproj", "{459BC873-8B66-42AD-9B0E-79AB7E22E07C}"
EndProject
Project("{FAE04EC0-301F-11D3-BF4B-00C04F79EFBC}") = "ProfileCore", "ProfileCore\ProfileCore.csproj", "{9A040B64-0B73-48B7-985E-935BE3666751}"
EndProject
Global
	GlobalSection(SolutionConfigurationPlatforms) = preSolution
		Debug|Any CPU = Debug|Any CPU
		Debug|x64 = Debug|x64
		Debug|x86 = Debug|x86
		Release|Any CPU = Release|Any CPU
		Release|x64 = Release|x64
		Release|x86 = Release|x86
	EndGlobalSection
	GlobalSection(SolutionProperties) = preSolution
		HideSolutionNode = FALSE
	EndGlobalSection
	GlobalSection(ProjectConfigurationPlatforms) = postSolution
		{459BC873-8B66-42AD-9B0E-79AB7E22E07C}.Debug|Any CPU.ActiveCfg = Debug|Any CPU
		{459BC873-8B66-42AD-9B0E-79AB7E22E07C}.Debug|Any CPU.Build.0 = Debug|Any CPU
		{459BC873-8B66-42AD-9B0E-79AB7E22E07C}.Debug|x64.ActiveCfg = Debug|Any CPU
		{459BC873-8B66-42AD-9B0E-79AB7E22E07C}.Debug|x64.Build.0 = Debug|Any CPU
		{459BC873-8B66-42AD-9B0E-79AB7E22E07C}.Debug|x86.ActiveCfg = Debug|Any CPU
		{459BC873-8B66-42AD-9B0E-79AB7E22E07C}.Debug|x86.Build.0 = Debug|Any CPU
		{459BC873-8B66-42AD-9B0E-79AB7E22E07C}.Release|Any CPU.ActiveCfg = Release|Any CPU
		{459BC873-8B66-42AD-9B0E-79AB7E22E07C}.Release|Any CPU.Build.0 = Release|Any CPU
		{459BC873-8B66-42AD-9B0E-79AB7E22E07C}.Release|x64.ActiveCfg = Release|Any CPU
		{459BC873-8B66-42AD-9B0E-79AB7E22E07C}.Release|x64.Build.0 = Release|Any CPU
		{459BC873-8B66-42AD-9B0E-79AB7E22E07C}.Release|x86.ActiveCfg = Release|Any CPU
		{459BC873-8B66-42AD-9B0E-79AB7E22E07C}.Release|x86.Build.0 = Release|Any CPU
		{9A040B64-0B73-48B7-985E-935BE3666751}.Debug|Any CPU.ActiveCfg = Debug|Any CPU
		{9A040B64-0B73-48B7-985E-935BE3666751}.Debug|Any CPU.Build.0 = Debug|Any CPU
		{9A040B64-0B73-48B7-985E-935BE3666751}.Debug|x64.ActiveCfg = Debug|Any CPU
		{9A040B64-0B73-48B7-985E-935BE3666751}.Debug|x64.Build.0 = Debug|Any CPU
		{9A040B64-0B73-48B7-985E-935BE3666751}.Debug|x86.ActiveCfg = Debug|Any CPU
		{9A040B64-0B73-48B7-985E-935BE3666751}.Debug|x86.Build.0 = Debug|Any CPU
		{9A040B64-0B73-48B7-985E-935BE3666751}.Release|Any CPU.ActiveCfg = Release|Any CPU
		{9A040B64-0B73-48B7-985E-935BE3666751}.Release|Any CPU.Build.0 = Release|Any CPU
		{9A040B64-0B73-48B7-985E-935BE3666751}.Release|x64.ActiveCfg = Release|Any CPU
		{9A040B64-0B73-48B7-985E-935BE3666751}.Release|x64.Build.0 = Release|Any CPU
		{9A040B64-0B73-48B7-985E-935BE3666751}.Release|x86.ActiveCfg = Release|Any CPU
		{9A040B64-0B73-48B7-985E-935BE3666751}.Release|x86.Build.0 = Release|Any CPU
	EndGlobalSection
EndGlobal
